
Microsoft Visual Studio Solution File, Format Version 12.00
# Visual Studio Version 17
VisualStudioVersion = 17.6.33829.357
MinimumVisualStudioVersion = 10.0.40219.1
Project("{FAE04EC0-301F-11D3-BF4B-00C04F79EFBC}") = "ZooKeeperJavid", "ZooKeeperJavid\ZooKeeperJavid.csproj", "{E80D2B09-CD50-4978-8092-2936315FCDAA}"
EndProject
Global
	GlobalSection(SolutionConfigurationPlatforms) = preSolution
		Debug|Any CPU = Debug|Any CPU
		Release|Any CPU = Release|Any CPU
	EndGlobalSection
	GlobalSection(ProjectConfigurationPlatforms) = postSolution
		{E80D2B09-CD50-4978-8092-2936315FCDAA}.Debug|Any CPU.ActiveCfg = Debug|Any CPU
		{E80D2B09-CD50-4978-8092-2936315FCDAA}.Debug|Any CPU.Build.0 = Debug|Any CPU
		{E80D2B09-CD50-4978-8092-2936315FCDAA}.Release|Any CPU.ActiveCfg = Release|Any CPU
		{E80D2B09-CD50-4978-8092-2936315FCDAA}.Release|Any CPU.Build.0 = Release|Any CPU
	EndGlobalSection
	GlobalSection(SolutionProperties) = preSolution
		HideSolutionNode = FALSE
	EndGlobalSection
	GlobalSection(ExtensibilityGlobals) = postSolution
		SolutionGuid = {A68845CB-E032-4DE6-B9DE-949D589234E8}
	EndGlobalSection
EndGlobal
